
Microsoft Visual Studio Solution File, Format Version 12.00
Project("{FAE04EC0-301F-11D3-BF4B-00C04F79EFBC}") = "AoC2023", "AoC2023.csproj", "{24F0EE0D-870B-4DF2-B7AA-2245C538892E}"
EndProject
Global
	GlobalSection(SolutionConfigurationPlatforms) = preSolution
		Debug|Any CPU = Debug|Any CPU
		Release|Any CPU = Release|Any CPU
	EndGlobalSection
	GlobalSection(ProjectConfigurationPlatforms) = postSolution
		{24F0EE0D-870B-4DF2-B7AA-2245C538892E}.Debug|Any CPU.ActiveCfg = Debug|Any CPU
		{24F0EE0D-870B-4DF2-B7AA-2245C538892E}.Debug|Any CPU.Build.0 = Debug|Any CPU
		{24F0EE0D-870B-4DF2-B7AA-2245C538892E}.Release|Any CPU.ActiveCfg = Release|Any CPU
		{24F0EE0D-870B-4DF2-B7AA-2245C538892E}.Release|Any CPU.Build.0 = Release|Any CPU
	EndGlobalSection
EndGlobal
